<?xml version="1.0" encoding="utf-8"?>
<Project ToolsVersion="4.0" xmlns="http://schemas.microsoft.com/developer/msbuild/2003">
  <ItemGroup>
    <Filter Include="Source Files">
      <UniqueIdentifier>{4FC737F1-C7A5-4376-A066-2A32D752A2FF}</UniqueIdentifier>
      <Extensions>cpp;c;cc;cxx;c++;cppm;ixx;def;odl;idl;hpj;bat;asm;asmx</Extensions>
    </Filter>
    <Filter Include="Header Files">
      <UniqueIdentifier>{93995380-89BD-4b04-88EB-625FBE52EBFB}</UniqueIdentifier>
      <Extensions>h;hh;hpp;hxx;h++;hm;inl;inc;ipp;xsd</Extensions>
    </Filter>
    <Filter Include="Resource Files">
      <UniqueIdentifier>{67DA6AB6-F800-4c08-8B7A-83BB121AAD01}</UniqueIdentifier>
      <Extensions>rc;ico;cur;bmp;dlg;rc2;rct;bin;rgs;gif;jpg;jpeg;jpe;resx;tiff;tif;png;wav;mfcribbon-ms</Extensions>
    </Filter>
  </ItemGroup>
  <ItemGroup>
    <ClInclude Include="framework.h">
      <Filter>Header Files</Filter>
    </ClInclude>
    <ClInclude Include="pch.h">
      <Filter>Header Files</Filter>
    </ClInclude>
    <ClInclude Include="resource.h">
      <Filter>Header Files</Filter>
    </ClInclude>
    <ClInclude Include="EnglishTextDumper.h">
      <Filter>Header Files</Filter>
    </ClInclude>
    <ClInclude Include="Logging.h">
      <Filter>Header Files</Filter>
    </ClInclude>
    <ClInclude Include="EnglishText.h">
      <Filter>Header Files</Filter>
    </ClInclude>
    <ClInclude Include="EnglishTextEncoding.h">
      <Filter>Header Files</Filter>
    </ClInclude>
    <ClInclude Include="JapaneseText.h">
      <Filter>Header Files</Filter>
    </ClInclude>
    <ClInclude Include="TextEntryDebug.h">
      <Filter>Header Files</Filter>
    </ClInclude>
    <ClInclude Include="EnglishCharTable.h">
      <Filter>Header Files</Filter>
    </ClInclude>
    <ClInclude Include="EnglishArrayBoundaries.h">
      <Filter>Header Files</Filter>
    </ClInclude>
    <ClInclude Include="ResourceLookupDebug.h">
      <Filter>Header Files</Filter>
    </ClInclude>
    <ClInclude Include="GlyphDrawDebug.h">
      <Filter>Header Files</Filter>
    </ClInclude>
    <ClInclude Include="BossNameText.h">
      <Filter>Header Files</Filter>
    </ClInclude>
    <ClInclude Include="MiscText.h">
      <Filter>Header Files</Filter>
    </ClInclude>
  </ItemGroup>
  <ItemGroup>
    <ClCompile Include="dllmain.cpp">
      <Filter>Source Files</Filter>
    </ClCompile>
    <ClCompile Include="pch.cpp">
      <Filter>Source Files</Filter>
    </ClCompile>
    <ClCompile Include="EnglishTextDumper.cpp">
      <Filter>Source Files</Filter>
    </ClCompile>
    <ClCompile Include="EnglishText.cpp">
      <Filter>Source Files</Filter>
    </ClCompile>
    <ClCompile Include="EnglishTextEncoding.cpp">
      <Filter>Source Files</Filter>
    </ClCompile>
    <ClCompile Include="JapaneseText.cpp">
      <Filter>Source Files</Filter>
    </ClCompile>
    <ClCompile Include="TextEntryDebug.cpp">
      <Filter>Source Files</Filter>
    </ClCompile>
    <ClCompile Include="ResourceLookupDebug.cpp">
      <Filter>Source Files</Filter>
    </ClCompile>
    <ClCompile Include="MiscText.cpp">
      <Filter>Source Files</Filter>
    </ClCompile>
    <ClCompile Include="BossNameText.cpp">
      <Filter>Source Files</Filter>
    </ClCompile>
  </ItemGroup>
  <ItemGroup>
    <None Include="packages.config" />
    <None Include="BossNameText.json" />
  </ItemGroup>
  <ItemGroup>
    <ResourceCompile Include="MM7Loc.rc">
      <Filter>Resource Files</Filter>
    </ResourceCompile>
  </ItemGroup>
</Project>